PODS:
  - FFmpeg (2.8.3):
    - FFmpeg/precompiled (= 2.8.3)
  - FFmpeg/precompiled (2.8.3)
  - RTSPView (0.1.5):
    - FFmpeg

DEPENDENCIES:
  - RTSPView (from `https://github.com/ezlo-maxv/RTSPView.git`, tag `0.1.5`)

SPEC REPOS:
  https://github.com/cocoapods/specs.git:
    - FFmpeg

EXTERNAL SOURCES:
  RTSPView:
    :git: https://github.com/ezlo-maxv/RTSPView.git
    :tag: 0.1.5

CHECKOUT OPTIONS:
  RTSPView:
    :git: https://github.com/ezlo-maxv/RTSPView.git
    :tag: 0.1.5

SPEC CHECKSUMS:
  FFmpeg: f1428c3b60b5f9e349fcd5d7878705cd7f9a26f6
  RTSPView: 97ddc139250959fe714a62d102416840cd94d506

PODFILE CHECKSUM: eb940e75e757d1c4f6372417cde11af614f033b7

COCOAPODS: 1.7.5
