PODS:
  - FFmpeg (2.8.3):
    - FFmpeg/precompiled (= 2.8.3)
  - FFmpeg/precompiled (2.8.3)
  - RTSPView (0.1.7):
    - FFmpeg

DEPENDENCIES:
  - RTSPView (from `https://github.com/ezlo-maxv/RTSPView.git`)

SPEC REPOS:
  https://github.com/cocoapods/specs.git:
    - FFmpeg

EXTERNAL SOURCES:
  RTSPView:
    :git: https://github.com/ezlo-maxv/RTSPView.git

CHECKOUT OPTIONS:
  RTSPView:
    :commit: baac73ac5d8e62928d506cf83dd53200cbc25bc3
    :git: https://github.com/ezlo-maxv/RTSPView.git

SPEC CHECKSUMS:
  FFmpeg: f1428c3b60b5f9e349fcd5d7878705cd7f9a26f6
  RTSPView: d9122a6db40250938d9b4eecc790a02596f85009

PODFILE CHECKSUM: cf1656c6ab05f150a707c6024cc9add470088c3f

COCOAPODS: 1.7.5
